// !$*UTF8*$!
{
	archiveVersion = 1;
	classes = {
	};
	objectVersion = 50;
	objects = {

/* Begin PBXBuildFile section */
		D1ADD336243B2FC200DAC1E1 /* AppDelegate.swift in Sources */ = {isa = PBXBuildFile; fileRef = D1ADD335243B2FC200DAC1E1 /* AppDelegate.swift */; };
		D1ADD338243B2FC200DAC1E1 /* SceneDelegate.swift in Sources */ = {isa = PBXBuildFile; fileRef = D1ADD337243B2FC200DAC1E1 /* SceneDelegate.swift */; };
		D1ADD33A243B2FC200DAC1E1 /* ContentView.swift in Sources */ = {isa = PBXBuildFile; fileRef = D1ADD339243B2FC200DAC1E1 /* ContentView.swift */; };
		D1ADD33C243B2FC600DAC1E1 /* Assets.xcassets in Resources */ = {isa = PBXBuildFile; fileRef = D1ADD33B243B2FC600DAC1E1 /* Assets.xcassets */; };
		D1ADD33F243B2FC600DAC1E1 /* Preview Assets.xcassets in Resources */ = {isa = PBXBuildFile; fileRef = D1ADD33E243B2FC600DAC1E1 /* Preview Assets.xcassets */; };
		D1ADD342243B2FC600DAC1E1 /* LaunchScreen.storyboard in Resources */ = {isa = PBXBuildFile; fileRef = D1ADD340243B2FC600DAC1E1 /* LaunchScreen.storyboard */; };
		D1ADD34D243B2FC600DAC1E1 /* SimpleCardViewTests.swift in Sources */ = {isa = PBXBuildFile; fileRef = D1ADD34C243B2FC600DAC1E1 /* SimpleCardViewTests.swift */; };
		D1ADD358243B2FC600DAC1E1 /* SimpleCardViewUITests.swift in Sources */ = {isa = PBXBuildFile; fileRef = D1ADD357243B2FC600DAC1E1 /* SimpleCardViewUITests.swift */; };
		D1ADD366243B2FE700DAC1E1 /* CardView.swift in Sources */ = {isa = PBXBuildFile; fileRef = D1ADD365243B2FE700DAC1E1 /* CardView.swift */; };
		D1ADD368243B2FF200DAC1E1 /* Place.swift in Sources */ = {isa = PBXBuildFile; fileRef = D1ADD367243B2FF200DAC1E1 /* Place.swift */; };
/* End PBXBuildFile section */

/* Begin PBXContainerItemProxy section */
		D1ADD349243B2FC600DAC1E1 /* PBXContainerItemProxy */ = {
			isa = PBXContainerItemProxy;
			containerPortal = D1ADD32A243B2FC200DAC1E1 /* Project object */;
			proxyType = 1;
			remoteGlobalIDString = D1ADD331243B2FC200DAC1E1;
			remoteInfo = SimpleCardView;
		};
		D1ADD354243B2FC600DAC1E1 /* PBXContainerItemProxy */ = {
			isa = PBXContainerItemProxy;
			containerPortal = D1ADD32A243B2FC200DAC1E1 /* Project object */;
			proxyType = 1;
			remoteGlobalIDString = D1ADD331243B2FC200DAC1E1;
			remoteInfo = SimpleCardView;
		};
/* End PBXContainerItemProxy section */

/* Begin PBXFileReference section */
		D1ADD332243B2FC200DAC1E1 /* SimpleCardView.app */ = {isa = PBXFileReference; explicitFileType = wrapper.application; includeInIndex = 0; path = SimpleCardView.app; sourceTree = BUILT_PRODUCTS_DIR; };
		D1ADD335243B2FC200DAC1E1 /* AppDelegate.swift */ = {isa = PBXFileReference; lastKnownFileType = sourcecode.swift; path = AppDelegate.swift; sourceTree = "<group>"; };
		D1ADD337243B2FC200DAC1E1 /* SceneDelegate.swift */ = {isa = PBXFileReference; lastKnownFileType = sourcecode.swift; path = SceneDelegate.swift; sourceTree = "<group>"; };
		D1ADD339243B2FC200DAC1E1 /* ContentView.swift */ = {isa = PBXFileReference; lastKnownFileType = sourcecode.swift; path = ContentView.swift; sourceTree = "<group>"; };
		D1ADD33B243B2FC600DAC1E1 /* Assets.xcassets */ = {isa = PBXFileReference; lastKnownFileType = folder.assetcatalog; path = Assets.xcassets; sourceTree = "<group>"; };
		D1ADD33E243B2FC600DAC1E1 /* Preview Assets.xcassets */ = {isa = PBXFileReference; lastKnownFileType = folder.assetcatalog; path = "Preview Assets.xcassets"; sourceTree = "<group>"; };
		D1ADD341243B2FC600DAC1E1 /* Base */ = {isa = PBXFileReference; lastKnownFileType = file.storyboard; name = Base; path = Base.lproj/LaunchScreen.storyboard; sourceTree = "<group>"; };
		D1ADD343243B2FC600DAC1E1 /* Info.plist */ = {isa = PBXFileReference; lastKnownFileType = text.plist.xml; path = Info.plist; sourceTree = "<group>"; };
		D1ADD348243B2FC600DAC1E1 /* SimpleCardViewTests.xctest */ = {isa = PBXFileReference; explicitFileType = wrapper.cfbundle; includeInIndex = 0; path = SimpleCardViewTests.xctest; sourceTree = BUILT_PRODUCTS_DIR; };
		D1ADD34C243B2FC600DAC1E1 /* SimpleCardViewTests.swift */ = {isa = PBXFileReference; lastKnownFileType = sourcecode.swift; path = SimpleCardViewTests.swift; sourceTree = "<group>"; };
		D1ADD34E243B2FC600DAC1E1 /* Info.plist */ = {isa = PBXFileReference; lastKnownFileType = text.plist.xml; path = Info.plist; sourceTree = "<group>"; };
		D1ADD353243B2FC600DAC1E1 /* SimpleCardViewUITests.xctest */ = {isa = PBXFileReference; explicitFileType = wrapper.cfbundle; includeInIndex = 0; path = SimpleCardViewUITests.xctest; sourceTree = BUILT_PRODUCTS_DIR; };
		D1ADD357243B2FC600DAC1E1 /* SimpleCardViewUITests.swift */ = {isa = PBXFileReference; lastKnownFileType = sourcecode.swift; path = SimpleCardViewUITests.swift; sourceTree = "<group>"; };
		D1ADD359243B2FC600DAC1E1 /* Info.plist */ = {isa = PBXFileReference; lastKnownFileType = text.plist.xml; path = Info.plist; sourceTree = "<group>"; };
		D1ADD365243B2FE700DAC1E1 /* CardView.swift */ = {isa = PBXFileReference; lastKnownFileType = sourcecode.swift; path = CardView.swift; sourceTree = "<group>"; };
		D1ADD367243B2FF200DAC1E1 /* Place.swift */ = {isa = PBXFileReference; lastKnownFileType = sourcecode.swift; path = Place.swift; sourceTree = "<group>"; };
/* End PBXFileReference section */

/* Begin PBXFrameworksBuildPhase section */
		D1ADD32F243B2FC200DAC1E1 /* Frameworks */ = {
			isa = PBXFrameworksBuildPhase;
			buildActionMask = 2147483647;
			files = (
			);
			runOnlyForDeploymentPostprocessing = 0;
		};
		D1ADD345243B2FC600DAC1E1 /* Frameworks */ = {
			isa = PBXFrameworksBuildPhase;
			buildActionMask = 2147483647;
			files = (
			);
			runOnlyForDeploymentPostprocessing = 0;
		};
		D1ADD350243B2FC600DAC1E1 /* Frameworks */ = {
			isa = PBXFrameworksBuildPhase;
			buildActionMask = 2147483647;
			files = (
			);
			runOnlyForDeploymentPostprocessing = 0;
		};
/* End PBXFrameworksBuildPhase section */

/* Begin PBXGroup section */
		D1ADD329243B2FC200DAC1E1 = {
			isa = PBXGroup;
			children = (
				D1ADD334243B2FC200DAC1E1 /* SimpleCardView */,
				D1ADD34B243B2FC600DAC1E1 /* SimpleCardViewTests */,
				D1ADD356243B2FC600DAC1E1 /* SimpleCardViewUITests */,
				D1ADD333243B2FC200DAC1E1 /* Products */,
			);
			sourceTree = "<group>";
		};
		D1ADD333243B2FC200DAC1E1 /* Products */ = {
			isa = PBXGroup;
			children = (
				D1ADD332243B2FC200DAC1E1 /* SimpleCardView.app */,
				D1ADD348243B2FC600DAC1E1 /* SimpleCardViewTests.xctest */,
				D1ADD353243B2FC600DAC1E1 /* SimpleCardViewUITests.xctest */,
			);
			name = Products;
			sourceTree = "<group>";
		};
		D1ADD334243B2FC200DAC1E1 /* SimpleCardView */ = {
			isa = PBXGroup;
			children = (
				D1ADD335243B2FC200DAC1E1 /* AppDelegate.swift */,
				D1ADD337243B2FC200DAC1E1 /* SceneDelegate.swift */,
				D1ADD339243B2FC200DAC1E1 /* ContentView.swift */,
				D1ADD365243B2FE700DAC1E1 /* CardView.swift */,
				D1ADD367243B2FF200DAC1E1 /* Place.swift */,
				D1ADD33B243B2FC600DAC1E1 /* Assets.xcassets */,
				D1ADD340243B2FC600DAC1E1 /* LaunchScreen.storyboard */,
				D1ADD343243B2FC600DAC1E1 /* Info.plist */,
				D1ADD33D243B2FC600DAC1E1 /* Preview Content */,
			);
			path = SimpleCardView;
			sourceTree = "<group>";
		};
		D1ADD33D243B2FC600DAC1E1 /* Preview Content */ = {
			isa = PBXGroup;
			children = (
				D1ADD33E243B2FC600DAC1E1 /* Preview Assets.xcassets */,
			);
			path = "Preview Content";
			sourceTree = "<group>";
		};
		D1ADD34B243B2FC600DAC1E1 /* SimpleCardViewTests */ = {
			isa = PBXGroup;
			children = (
				D1ADD34C243B2FC600DAC1E1 /* SimpleCardViewTests.swift */,
				D1ADD34E243B2FC600DAC1E1 /* Info.plist */,
			);
			path = SimpleCardViewTests;
			sourceTree = "<group>";
		};
		D1ADD356243B2FC600DAC1E1 /* SimpleCardViewUITests */ = {
			isa = PBXGroup;
			children = (
				D1ADD357243B2FC600DAC1E1 /* SimpleCardViewUITests.swift */,
				D1ADD359243B2FC600DAC1E1 /* Info.plist */,
			);
			path = SimpleCardViewUITests;
			sourceTree = "<group>";
		};
/* End PBXGroup section */

/* Begin PBXNativeTarget section */
		D1ADD331243B2FC200DAC1E1 /* SimpleCardView */ = {
			isa = PBXNativeTarget;
			buildConfigurationList = D1ADD35C243B2FC600DAC1E1 /* Build configuration list for PBXNativeTarget "SimpleCardView" */;
			buildPhases = (
				D1ADD32E243B2FC200DAC1E1 /* Sources */,
				D1ADD32F243B2FC200DAC1E1 /* Frameworks */,
				D1ADD330243B2FC200DAC1E1 /* Resources */,
			);
			buildRules = (
			);
			dependencies = (
			);
			name = SimpleCardView;
			productName = SimpleCardView;
			productReference = D1ADD332243B2FC200DAC1E1 /* SimpleCardView.app */;
			productType = "com.apple.product-type.application";
		};
		D1ADD347243B2FC600DAC1E1 /* SimpleCardViewTests */ = {
			isa = PBXNativeTarget;
			buildConfigurationList = D1ADD35F243B2FC600DAC1E1 /* Build configuration list for PBXNativeTarget "SimpleCardViewTests" */;
			buildPhases = (
				D1ADD344243B2FC600DAC1E1 /* Sources */,
				D1ADD345243B2FC600DAC1E1 /* Frameworks */,
				D1ADD346243B2FC600DAC1E1 /* Resources */,
			);
			buildRules = (
			);
			dependencies = (
				D1ADD34A243B2FC600DAC1E1 /* PBXTargetDependency */,
			);
			name = SimpleCardViewTests;
			productName = SimpleCardViewTests;
			productReference = D1ADD348243B2FC600DAC1E1 /* SimpleCardViewTests.xctest */;
			productType = "com.apple.product-type.bundle.unit-test";
		};
		D1ADD352243B2FC600DAC1E1 /* SimpleCardViewUITests */ = {
			isa = PBXNativeTarget;
			buildConfigurationList = D1ADD362243B2FC600DAC1E1 /* Build configuration list for PBXNativeTarget "SimpleCardViewUITests" */;
			buildPhases = (
				D1ADD34F243B2FC600DAC1E1 /* Sources */,
				D1ADD350243B2FC600DAC1E1 /* Frameworks */,
				D1ADD351243B2FC600DAC1E1 /* Resources */,
			);
			buildRules = (
			);
			dependencies = (
				D1ADD355243B2FC600DAC1E1 /* PBXTargetDependency */,
			);
			name = SimpleCardViewUITests;
			productName = SimpleCardViewUITests;
			productReference = D1ADD353243B2FC600DAC1E1 /* SimpleCardViewUITests.xctest */;
			productType = "com.apple.product-type.bundle.ui-testing";
		};
/* End PBXNativeTarget section */

/* Begin PBXProject section */
		D1ADD32A243B2FC200DAC1E1 /* Project object */ = {
			isa = PBXProject;
			attributes = {
				LastSwiftUpdateCheck = 1140;
				LastUpgradeCheck = 1140;
				ORGANIZATIONNAME = shiga;
				TargetAttributes = {
					D1ADD331243B2FC200DAC1E1 = {
						CreatedOnToolsVersion = 11.4;
					};
					D1ADD347243B2FC600DAC1E1 = {
						CreatedOnToolsVersion = 11.4;
						TestTargetID = D1ADD331243B2FC200DAC1E1;
					};
					D1ADD352243B2FC600DAC1E1 = {
						CreatedOnToolsVersion = 11.4;
						TestTargetID = D1ADD331243B2FC200DAC1E1;
					};
				};
			};
			buildConfigurationList = D1ADD32D243B2FC200DAC1E1 /* Build configuration list for PBXProject "SimpleCardView" */;
			compatibilityVersion = "Xcode 9.3";
			developmentRegion = en;
			hasScannedForEncodings = 0;
			knownRegions = (
				en,
				Base,
			);
			mainGroup = D1ADD329243B2FC200DAC1E1;
			productRefGroup = D1ADD333243B2FC200DAC1E1 /* Products */;
			projectDirPath = "";
			projectRoot = "";
			targets = (
				D1ADD331243B2FC200DAC1E1 /* SimpleCardView */,
				D1ADD347243B2FC600DAC1E1 /* SimpleCardViewTests */,
				D1ADD352243B2FC600DAC1E1 /* SimpleCardViewUITests */,
			);
		};
/* End PBXProject section */

/* Begin PBXResourcesBuildPhase section */
		D1ADD330243B2FC200DAC1E1 /* Resources */ = {
			isa = PBXResourcesBuildPhase;
			buildActionMask = 2147483647;
			files = (
				D1ADD342243B2FC600DAC1E1 /* LaunchScreen.storyboard in Resources */,
				D1ADD33F243B2FC600DAC1E1 /* Preview Assets.xcassets in Resources */,
				D1ADD33C243B2FC600DAC1E1 /* Assets.xcassets in Resources */,
			);
			runOnlyForDeploymentPostprocessing = 0;
		};
		D1ADD346243B2FC600DAC1E1 /* Resources */ = {
			isa = PBXResourcesBuildPhase;
			buildActionMask = 2147483647;
			files = (
			);
			runOnlyForDeploymentPostprocessing = 0;
		};
		D1ADD351243B2FC600DAC1E1 /* Resources */ = {
			isa = PBXResourcesBuildPhase;
			buildActionMask = 2147483647;
			files = (
			);
			runOnlyForDeploymentPostprocessing = 0;
		};
/* End PBXResourcesBuildPhase section */

/* Begin PBXSourcesBuildPhase section */
		D1ADD32E243B2FC200DAC1E1 /* Sources */ = {
			isa = PBXSourcesBuildPhase;
			buildActionMask = 2147483647;
			files = (
				D1ADD336243B2FC200DAC1E1 /* AppDelegate.swift in Sources */,
				D1ADD338243B2FC200DAC1E1 /* SceneDelegate.swift in Sources */,
				D1ADD366243B2FE700DAC1E1 /* CardView.swift in Sources */,
				D1ADD33A243B2FC200DAC1E1 /* ContentView.swift in Sources */,
				D1ADD368243B2FF200DAC1E1 /* Place.swift in Sources */,
			);
			runOnlyForDeploymentPostprocessing = 0;
		};
		D1ADD344243B2FC600DAC1E1 /* Sources */ = {
			isa = PBXSourcesBuildPhase;
			buildActionMask = 2147483647;
			files = (
				D1ADD34D243B2FC600DAC1E1 /* SimpleCardViewTests.swift in Sources */,
			);
			runOnlyForDeploymentPostprocessing = 0;
		};
		D1ADD34F243B2FC600DAC1E1 /* Sources */ = {
			isa = PBXSourcesBuildPhase;
			buildActionMask = 2147483647;
			files = (
				D1ADD358243B2FC600DAC1E1 /* SimpleCardViewUITests.swift in Sources */,
			);
			runOnlyForDeploymentPostprocessing = 0;
		};
/* End PBXSourcesBuildPhase section */

/* Begin PBXTargetDependency section */
		D1ADD34A243B2FC600DAC1E1 /* PBXTargetDependency */ = {
			isa = PBXTargetDependency;
			target = D1ADD331243B2FC200DAC1E1 /* SimpleCardView */;
			targetProxy = D1ADD349243B2FC600DAC1E1 /* PBXContainerItemProxy */;
		};
		D1ADD355243B2FC600DAC1E1 /* PBXTargetDependency */ = {
			isa = PBXTargetDependency;
			target = D1ADD331243B2FC200DAC1E1 /* SimpleCardView */;
			targetProxy = D1ADD354243B2FC600DAC1E1 /* PBXContainerItemProxy */;
		};
/* End PBXTargetDependency section */

/* Begin PBXVariantGroup section */
		D1ADD340243B2FC600DAC1E1 /* LaunchScreen.storyboard */ = {
			isa = PBXVariantGroup;
			children = (
				D1ADD341243B2FC600DAC1E1 /* Base */,
			);
			name = LaunchScreen.storyboard;
			sourceTree = "<group>";
		};
/* End PBXVariantGroup section */

/* Begin XCBuildConfiguration section */
		D1ADD35A243B2FC600DAC1E1 /* Debug */ = {
			isa = XCBuildConfiguration;
			buildSettings = {
				ALWAYS_SEARCH_USER_PATHS = NO;
				CLANG_ANALYZER_NONNULL = YES;
				CLANG_ANALYZER_NUMBER_OBJECT_CONVERSION = YES_AGGRESSIVE;
				CLANG_CXX_LANGUAGE_STANDARD = "gnu++14";
				CLANG_CXX_LIBRARY = "libc++";
				CLANG_ENABLE_MODULES = YES;
				CLANG_ENABLE_OBJC_ARC = YES;
				CLANG_ENABLE_OBJC_WEAK = YES;
				CLANG_WARN_BLOCK_CAPTURE_AUTORELEASING = YES;
				CLANG_WARN_BOOL_CONVERSION = YES;
				CLANG_WARN_COMMA = YES;
				CLANG_WARN_CONSTANT_CONVERSION = YES;
				CLANG_WARN_DEPRECATED_OBJC_IMPLEMENTATIONS = YES;
				CLANG_WARN_DIRECT_OBJC_ISA_USAGE = YES_ERROR;
				CLANG_WARN_DOCUMENTATION_COMMENTS = YES;
				CLANG_WARN_EMPTY_BODY = YES;
				CLANG_WARN_ENUM_CONVERSION = YES;
				CLANG_WARN_INFINITE_RECURSION = YES;
				CLANG_WARN_INT_CONVERSION = YES;
				CLANG_WARN_NON_LITERAL_NULL_CONVERSION = YES;
				CLANG_WARN_OBJC_IMPLICIT_RETAIN_SELF = YES;
				CLANG_WARN_OBJC_LITERAL_CONVERSION = YES;
				CLANG_WARN_OBJC_ROOT_CLASS = YES_ERROR;
				CLANG_WARN_RANGE_LOOP_ANALYSIS = YES;
				CLANG_WARN_STRICT_PROTOTYPES = YES;
				CLANG_WARN_SUSPICIOUS_MOVE = YES;
				CLANG_WARN_UNGUARDED_AVAILABILITY = YES_AGGRESSIVE;
				CLANG_WARN_UNREACHABLE_CODE = YES;
				CLANG_WARN__DUPLICATE_METHOD_MATCH = YES;
				COPY_PHASE_STRIP = NO;
				DEBUG_INFORMATION_FORMAT = dwarf;
				ENABLE_STRICT_OBJC_MSGSEND = YES;
				ENABLE_TESTABILITY = YES;
				GCC_C_LANGUAGE_STANDARD = gnu11;
				GCC_DYNAMIC_NO_PIC = NO;
				GCC_NO_COMMON_BLOCKS = YES;
				GCC_OPTIMIZATION_LEVEL = 0;
				GCC_PREPROCESSOR_DEFINITIONS = (
					"DEBUG=1",
					"$(inherited)",
				);
				GCC_WARN_64_TO_32_BIT_CONVERSION = YES;
				GCC_WARN_ABOUT_RETURN_TYPE = YES_ERROR;
				GCC_WARN_UNDECLARED_SELECTOR = YES;
				GCC_WARN_UNINITIALIZED_AUTOS = YES_AGGRESSIVE;
				GCC_WARN_UNUSED_FUNCTION = YES;
				GCC_WARN_UNUSED_VARIABLE = YES;
				IPHONEOS_DEPLOYMENT_TARGET = 13.4;
				MTL_ENABLE_DEBUG_INFO = INCLUDE_SOURCE;
				MTL_FAST_MATH = YES;
				ONLY_ACTIVE_ARCH = YES;
				SDKROOT = iphoneos;
				SWIFT_ACTIVE_COMPILATION_CONDITIONS = DEBUG;
				SWIFT_OPTIMIZATION_LEVEL = "-Onone";
			};
			name = Debug;
		};
		D1ADD35B243B2FC600DAC1E1 /* Release */ = {
			isa = XCBuildConfiguration;
			buildSettings = {
				ALWAYS_SEARCH_USER_PATHS = NO;
				CLANG_ANALYZER_NONNULL = YES;
				CLANG_ANALYZER_NUMBER_OBJECT_CONVERSION = YES_AGGRESSIVE;
				CLANG_CXX_LANGUAGE_STANDARD = "gnu++14";
				CLANG_CXX_LIBRARY = "libc++";
				CLANG_ENABLE_MODULES = YES;
				CLANG_ENABLE_OBJC_ARC = YES;
				CLANG_ENABLE_OBJC_WEAK = YES;
				CLANG_WARN_BLOCK_CAPTURE_AUTORELEASING = YES;
				CLANG_WARN_BOOL_CONVERSION = YES;
				CLANG_WARN_COMMA = YES;
				CLANG_WARN_CONSTANT_CONVERSION = YES;
				CLANG_WARN_DEPRECATED_OBJC_IMPLEMENTATIONS = YES;
				CLANG_WARN_DIRECT_OBJC_ISA_USAGE = YES_ERROR;
				CLANG_WARN_DOCUMENTATION_COMMENTS = YES;
				CLANG_WARN_EMPTY_BODY = YES;
				CLANG_WARN_ENUM_CONVERSION = YES;
				CLANG_WARN_INFINITE_RECURSION = YES;
				CLANG_WARN_INT_CONVERSION = YES;
				CLANG_WARN_NON_LITERAL_NULL_CONVERSION = YES;
				CLANG_WARN_OBJC_IMPLICIT_RETAIN_SELF = YES;
				CLANG_WARN_OBJC_LITERAL_CONVERSION = YES;
				CLANG_WARN_OBJC_ROOT_CLASS = YES_ERROR;
				CLANG_WARN_RANGE_LOOP_ANALYSIS = YES;
				CLANG_WARN_STRICT_PROTOTYPES = YES;
				CLANG_WARN_SUSPICIOUS_MOVE = YES;
				CLANG_WARN_UNGUARDED_AVAILABILITY = YES_AGGRESSIVE;
				CLANG_WARN_UNREACHABLE_CODE = YES;
				CLANG_WARN__DUPLICATE_METHOD_MATCH = YES;
				COPY_PHASE_STRIP = NO;
				DEBUG_INFORMATION_FORMAT = "dwarf-with-dsym";
				ENABLE_NS_ASSERTIONS = NO;
				ENABLE_STRICT_OBJC_MSGSEND = YES;
				GCC_C_LANGUAGE_STANDARD = gnu11;
				GCC_NO_COMMON_BLOCKS = YES;
				GCC_WARN_64_TO_32_BIT_CONVERSION = YES;
				GCC_WARN_ABOUT_RETURN_TYPE = YES_ERROR;
				GCC_WARN_UNDECLARED_SELECTOR = YES;
				GCC_WARN_UNINITIALIZED_AUTOS = YES_AGGRESSIVE;
				GCC_WARN_UNUSED_FUNCTION = YES;
				GCC_WARN_UNUSED_VARIABLE = YES;
				IPHONEOS_DEPLOYMENT_TARGET = 13.4;
				MTL_ENABLE_DEBUG_INFO = NO;
				MTL_FAST_MATH = YES;
				SDKROOT = iphoneos;
				SWIFT_COMPILATION_MODE = wholemodule;
				SWIFT_OPTIMIZATION_LEVEL = "-O";
				VALIDATE_PRODUCT = YES;
			};
			name = Release;
		};
		D1ADD35D243B2FC600DAC1E1 /* Debug */ = {
			isa = XCBuildConfiguration;
			buildSettings = {
				ASSETCATALOG_COMPILER_APPICON_NAME = AppIcon;
				CODE_SIGN_STYLE = Automatic;
				DEVELOPMENT_ASSET_PATHS = "\"SimpleCardView/Preview Content\"";
				DEVELOPMENT_TEAM = J3W7ZZT238;
				ENABLE_PREVIEWS = YES;
				INFOPLIST_FILE = SimpleCardView/Info.plist;
				LD_RUNPATH_SEARCH_PATHS = (
					"$(inherited)",
					"@executable_path/Frameworks",
				);
				PRODUCT_BUNDLE_IDENTIFIER = com.Shigas.SimpleCardView;
				PRODUCT_NAME = "$(TARGET_NAME)";
				SWIFT_VERSION = 5.0;
				TARGETED_DEVICE_FAMILY = "1,2";
			};
			name = Debug;
		};
		D1ADD35E243B2FC600DAC1E1 /* Release */ = {
			isa = XCBuildConfiguration;
			buildSettings = {
				ASSETCATALOG_COMPILER_APPICON_NAME = AppIcon;
				CODE_SIGN_STYLE = Automatic;
				DEVELOPMENT_ASSET_PATHS = "\"SimpleCardView/Preview Content\"";
				DEVELOPMENT_TEAM = J3W7ZZT238;
				ENABLE_PREVIEWS = YES;
				INFOPLIST_FILE = SimpleCardView/Info.plist;
				LD_RUNPATH_SEARCH_PATHS = (
					"$(inherited)",
					"@executable_path/Frameworks",
				);
				PRODUCT_BUNDLE_IDENTIFIER = com.Shigas.SimpleCardView;
				PRODUCT_NAME = "$(TARGET_NAME)";
				SWIFT_VERSION = 5.0;
				TARGETED_DEVICE_FAMILY = "1,2";
			};
			name = Release;
		};
		D1ADD360243B2FC600DAC1E1 /* Debug */ = {
			isa = XCBuildConfiguration;
			buildSettings = {
				ALWAYS_EMBED_SWIFT_STANDARD_LIBRARIES = YES;
				BUNDLE_LOADER = "$(TEST_HOST)";
				CODE_SIGN_STYLE = Automatic;
				DEVELOPMENT_TEAM = J3W7ZZT238;
				INFOPLIST_FILE = SimpleCardViewTests/Info.plist;
				IPHONEOS_DEPLOYMENT_TARGET = 13.4;
				LD_RUNPATH_SEARCH_PATHS = (
					"$(inherited)",
					"@executable_path/Frameworks",
					"@loader_path/Frameworks",
				);
				PRODUCT_BUNDLE_IDENTIFIER = com.Shigas.SimpleCardViewTests;
				PRODUCT_NAME = "$(TARGET_NAME)";
				SWIFT_VERSION = 5.0;
				TARGETED_DEVICE_FAMILY = "1,2";
				TEST_HOST = "$(BUILT_PRODUCTS_DIR)/SimpleCardView.app/SimpleCardView";
			};
			name = Debug;
		};
		D1ADD361243B2FC600DAC1E1 /* Release */ = {
			isa = XCBuildConfiguration;
			buildSettings = {
				ALWAYS_EMBED_SWIFT_STANDARD_LIBRARIES = YES;
				BUNDLE_LOADER = "$(TEST_HOST)";
				CODE_SIGN_STYLE = Automatic;
				DEVELOPMENT_TEAM = J3W7ZZT238;
				INFOPLIST_FILE = SimpleCardViewTests/Info.plist;
				IPHONEOS_DEPLOYMENT_TARGET = 13.4;
				LD_RUNPATH_SEARCH_PATHS = (
					"$(inherited)",
					"@executable_path/Frameworks",
					"@loader_path/Frameworks",
				);
				PRODUCT_BUNDLE_IDENTIFIER = com.Shigas.SimpleCardViewTests;
				PRODUCT_NAME = "$(TARGET_NAME)";
				SWIFT_VERSION = 5.0;
				TARGETED_DEVICE_FAMILY = "1,2";
				TEST_HOST = "$(BUILT_PRODUCTS_DIR)/SimpleCardView.app/SimpleCardView";
			};
			name = Release;
		};
		D1ADD363243B2FC600DAC1E1 /* Debug */ = {
			isa = XCBuildConfiguration;
			buildSettings = {
				ALWAYS_EMBED_SWIFT_STANDARD_LIBRARIES = YES;
				CODE_SIGN_STYLE = Automatic;
				DEVELOPMENT_TEAM = J3W7ZZT238;
				INFOPLIST_FILE = SimpleCardViewUITests/Info.plist;
				LD_RUNPATH_SEARCH_PATHS = (
					"$(inherited)",
					"@executable_path/Frameworks",
					"@loader_path/Frameworks",
				);
				PRODUCT_BUNDLE_IDENTIFIER = com.Shigas.SimpleCardViewUITests;
				PRODUCT_NAME = "$(TARGET_NAME)";
				SWIFT_VERSION = 5.0;
				TARGETED_DEVICE_FAMILY = "1,2";
				TEST_TARGET_NAME = SimpleCardView;
			};
			name = Debug;
		};
		D1ADD364243B2FC600DAC1E1 /* Release */ = {
			isa = XCBuildConfiguration;
			buildSettings = {
				ALWAYS_EMBED_SWIFT_STANDARD_LIBRARIES = YES;
				CODE_SIGN_STYLE = Automatic;
				DEVELOPMENT_TEAM = J3W7ZZT238;
				INFOPLIST_FILE = SimpleCardViewUITests/Info.plist;
				LD_RUNPATH_SEARCH_PATHS = (
					"$(inherited)",
					"@executable_path/Frameworks",
					"@loader_path/Frameworks",
				);
				PRODUCT_BUNDLE_IDENTIFIER = com.Shigas.SimpleCardViewUITests;
				PRODUCT_NAME = "$(TARGET_NAME)";
				SWIFT_VERSION = 5.0;
				TARGETED_DEVICE_FAMILY = "1,2";
				TEST_TARGET_NAME = SimpleCardView;
			};
			name = Release;
		};
/* End XCBuildConfiguration section */

/* Begin XCConfigurationList section */
		D1ADD32D243B2FC200DAC1E1 /* Build configuration list for PBXProject "SimpleCardView" */ = {
			isa = XCConfigurationList;
			buildConfigurations = (
				D1ADD35A243B2FC600DAC1E1 /* Debug */,
				D1ADD35B243B2FC600DAC1E1 /* Release */,
			);
			defaultConfigurationIsVisible = 0;
			defaultConfigurationName = Release;
		};
		D1ADD35C243B2FC600DAC1E1 /* Build configuration list for PBXNativeTarget "SimpleCardView" */ = {
			isa = XCConfigurationList;
			buildConfigurations = (
				D1ADD35D243B2FC600DAC1E1 /* Debug */,
				D1ADD35E243B2FC600DAC1E1 /* Release */,
			);
			defaultConfigurationIsVisible = 0;
			defaultConfigurationName = Release;
		};
		D1ADD35F243B2FC600DAC1E1 /* Build configuration list for PBXNativeTarget "SimpleCardViewTests" */ = {
			isa = XCConfigurationList;
			buildConfigurations = (
				D1ADD360243B2FC600DAC1E1 /* Debug */,
				D1ADD361243B2FC600DAC1E1 /* Release */,
			);
			defaultConfigurationIsVisible = 0;
			defaultConfigurationName = Release;
		};
		D1ADD362243B2FC600DAC1E1 /* Build configuration list for PBXNativeTarget "SimpleCardViewUITests" */ = {
			isa = XCConfigurationList;
			buildConfigurations = (
				D1ADD363243B2FC600DAC1E1 /* Debug */,
				D1ADD364243B2FC600DAC1E1 /* Release */,
			);
			defaultConfigurationIsVisible = 0;
			defaultConfigurationName = Release;
		};
/* End XCConfigurationList section */
	};
	rootObject = D1ADD32A243B2FC200DAC1E1 /* Project object */;
}
